{
  "requires": true,
  "lockfileVersion": 1,
  "dependencies": {
    "react-native-reanimated": {
      "version": "1.4.0",
      "resolved": "https://registry.npmjs.org/react-native-reanimated/-/react-native-reanimated-1.4.0.tgz",
      "integrity": "sha512-tO7nSNNP+iRLVbkcSS5GXyDBb7tSI02+XuRL3/S39EAr35rnvUy2JfeLUQG+fWSObJjnMVhasUDEUwlENk8IXw=="
    }
  }
}
